
Microsoft Visual Studio Solution File, Format Version 12.00
# Visual Studio 15
VisualStudioVersion = 15.0.27428.2015
MinimumVisualStudioVersion = 10.0.40219.1
Project("{A0786B88-2ADB-4C21-ABE8-AA2D79766269}") = "slate-social", "slate-social.phpproj", "{BB470D05-8400-45CD-8743-83C71DA39D1C}"
EndProject
Global
	GlobalSection(SolutionConfigurationPlatforms) = preSolution
		Debug|Any CPU = Debug|Any CPU
		Release|Any CPU = Release|Any CPU
	EndGlobalSection
	GlobalSection(ProjectConfigurationPlatforms) = postSolution
		{BB470D05-8400-45CD-8743-83C71DA39D1C}.Debug|Any CPU.ActiveCfg = Debug|Any CPU
		{BB470D05-8400-45CD-8743-83C71DA39D1C}.Release|Any CPU.ActiveCfg = Release|Any CPU
	EndGlobalSection
	GlobalSection(SolutionProperties) = preSolution
		HideSolutionNode = FALSE
	EndGlobalSection
	GlobalSection(ExtensibilityGlobals) = postSolution
		SolutionGuid = {030579B3-CA76-4AA2-9CFA-9341A878205E}
	EndGlobalSection
EndGlobal
